
Microsoft Visual Studio Solution File, Format Version 12.00
# Visual Studio 15
VisualStudioVersion = 15.0.27004.2005
MinimumVisualStudioVersion = 15.0.26124.0
Project("{2150E333-8FDC-42A3-9474-1A3956D46DE8}") = "src", "src", "{E7902FA7-7FA6-4E92-853C-85BBB88E5FD0}"
EndProject
Project("{9A19103F-16F7-4668-BE54-9A1E7A4F7556}") = "WeatherAttack.Domain", "src\Weatherattack.Domain\WeatherAttack.Domain.csproj", "{1122A8CC-DC87-4E94-993C-02AE05EB2456}"
EndProject
Project("{9A19103F-16F7-4668-BE54-9A1E7A4F7556}") = "WeatherAttack.WebApi", "src\Weatherattack.WebApi\WeatherAttack.WebApi.csproj", "{0242E8EF-CC37-444C-A32E-22B01EF354B7}"
EndProject
Project("{9A19103F-16F7-4668-BE54-9A1E7A4F7556}") = "WeatherAttack.Infra", "src\Weatherattack.Infra\WeatherAttack.Infra.csproj", "{4F161F31-17E4-409D-BE3B-221F51B6A5C6}"
EndProject
Project("{9A19103F-16F7-4668-BE54-9A1E7A4F7556}") = "WeatherAttack.Application", "src\WeatherAttack.Application\WeatherAttack.Application.csproj", "{A90CE0D9-CADD-44DF-8217-390132CD9B73}"
EndProject
Project("{9A19103F-16F7-4668-BE54-9A1E7A4F7556}") = "WeatherAttack.Security", "src\WeatherAttack.Security\WeatherAttack.Security.csproj", "{15C82082-CE3E-4539-9AC1-C31368420F8D}"
EndProject
Global
	GlobalSection(SolutionConfigurationPlatforms) = preSolution
		Debug|Any CPU = Debug|Any CPU
		Debug|x64 = Debug|x64
		Debug|x86 = Debug|x86
		Release|Any CPU = Release|Any CPU
		Release|x64 = Release|x64
		Release|x86 = Release|x86
	EndGlobalSection
	GlobalSection(ProjectConfigurationPlatforms) = postSolution
		{1122A8CC-DC87-4E94-993C-02AE05EB2456}.Debug|Any CPU.ActiveCfg = Debug|Any CPU
		{1122A8CC-DC87-4E94-993C-02AE05EB2456}.Debug|Any CPU.Build.0 = Debug|Any CPU
		{1122A8CC-DC87-4E94-993C-02AE05EB2456}.Debug|x64.ActiveCfg = Debug|Any CPU
		{1122A8CC-DC87-4E94-993C-02AE05EB2456}.Debug|x64.Build.0 = Debug|Any CPU
		{1122A8CC-DC87-4E94-993C-02AE05EB2456}.Debug|x86.ActiveCfg = Debug|Any CPU
		{1122A8CC-DC87-4E94-993C-02AE05EB2456}.Debug|x86.Build.0 = Debug|Any CPU
		{1122A8CC-DC87-4E94-993C-02AE05EB2456}.Release|Any CPU.ActiveCfg = Release|Any CPU
		{1122A8CC-DC87-4E94-993C-02AE05EB2456}.Release|Any CPU.Build.0 = Release|Any CPU
		{1122A8CC-DC87-4E94-993C-02AE05EB2456}.Release|x64.ActiveCfg = Release|Any CPU
		{1122A8CC-DC87-4E94-993C-02AE05EB2456}.Release|x64.Build.0 = Release|Any CPU
		{1122A8CC-DC87-4E94-993C-02AE05EB2456}.Release|x86.ActiveCfg = Release|Any CPU
		{1122A8CC-DC87-4E94-993C-02AE05EB2456}.Release|x86.Build.0 = Release|Any CPU
		{0242E8EF-CC37-444C-A32E-22B01EF354B7}.Debug|Any CPU.ActiveCfg = Debug|Any CPU
		{0242E8EF-CC37-444C-A32E-22B01EF354B7}.Debug|Any CPU.Build.0 = Debug|Any CPU
		{0242E8EF-CC37-444C-A32E-22B01EF354B7}.Debug|x64.ActiveCfg = Debug|Any CPU
		{0242E8EF-CC37-444C-A32E-22B01EF354B7}.Debug|x64.Build.0 = Debug|Any CPU
		{0242E8EF-CC37-444C-A32E-22B01EF354B7}.Debug|x86.ActiveCfg = Debug|Any CPU
		{0242E8EF-CC37-444C-A32E-22B01EF354B7}.Debug|x86.Build.0 = Debug|Any CPU
		{0242E8EF-CC37-444C-A32E-22B01EF354B7}.Release|Any CPU.ActiveCfg = Release|Any CPU
		{0242E8EF-CC37-444C-A32E-22B01EF354B7}.Release|Any CPU.Build.0 = Release|Any CPU
		{0242E8EF-CC37-444C-A32E-22B01EF354B7}.Release|x64.ActiveCfg = Release|Any CPU
		{0242E8EF-CC37-444C-A32E-22B01EF354B7}.Release|x64.Build.0 = Release|Any CPU
		{0242E8EF-CC37-444C-A32E-22B01EF354B7}.Release|x86.ActiveCfg = Release|Any CPU
		{0242E8EF-CC37-444C-A32E-22B01EF354B7}.Release|x86.Build.0 = Release|Any CPU
		{4F161F31-17E4-409D-BE3B-221F51B6A5C6}.Debug|Any CPU.ActiveCfg = Debug|Any CPU
		{4F161F31-17E4-409D-BE3B-221F51B6A5C6}.Debug|Any CPU.Build.0 = Debug|Any CPU
		{4F161F31-17E4-409D-BE3B-221F51B6A5C6}.Debug|x64.ActiveCfg = Debug|Any CPU
		{4F161F31-17E4-409D-BE3B-221F51B6A5C6}.Debug|x64.Build.0 = Debug|Any CPU
		{4F161F31-17E4-409D-BE3B-221F51B6A5C6}.Debug|x86.ActiveCfg = Debug|Any CPU
		{4F161F31-17E4-409D-BE3B-221F51B6A5C6}.Debug|x86.Build.0 = Debug|Any CPU
		{4F161F31-17E4-409D-BE3B-221F51B6A5C6}.Release|Any CPU.ActiveCfg = Release|Any CPU
		{4F161F31-17E4-409D-BE3B-221F51B6A5C6}.Release|Any CPU.Build.0 = Release|Any CPU
		{4F161F31-17E4-409D-BE3B-221F51B6A5C6}.Release|x64.ActiveCfg = Release|Any CPU
		{4F161F31-17E4-409D-BE3B-221F51B6A5C6}.Release|x64.Build.0 = Release|Any CPU
		{4F161F31-17E4-409D-BE3B-221F51B6A5C6}.Release|x86.ActiveCfg = Release|Any CPU
		{4F161F31-17E4-409D-BE3B-221F51B6A5C6}.Release|x86.Build.0 = Release|Any CPU
		{A90CE0D9-CADD-44DF-8217-390132CD9B73}.Debug|Any CPU.ActiveCfg = Debug|Any CPU
		{A90CE0D9-CADD-44DF-8217-390132CD9B73}.Debug|Any CPU.Build.0 = Debug|Any CPU
		{A90CE0D9-CADD-44DF-8217-390132CD9B73}.Debug|x64.ActiveCfg = Debug|Any CPU
		{A90CE0D9-CADD-44DF-8217-390132CD9B73}.Debug|x64.Build.0 = Debug|Any CPU
		{A90CE0D9-CADD-44DF-8217-390132CD9B73}.Debug|x86.ActiveCfg = Debug|Any CPU
		{A90CE0D9-CADD-44DF-8217-390132CD9B73}.Debug|x86.Build.0 = Debug|Any CPU
		{A90CE0D9-CADD-44DF-8217-390132CD9B73}.Release|Any CPU.ActiveCfg = Release|Any CPU
		{A90CE0D9-CADD-44DF-8217-390132CD9B73}.Release|Any CPU.Build.0 = Release|Any CPU
		{A90CE0D9-CADD-44DF-8217-390132CD9B73}.Release|x64.ActiveCfg = Release|Any CPU
		{A90CE0D9-CADD-44DF-8217-390132CD9B73}.Release|x64.Build.0 = Release|Any CPU
		{A90CE0D9-CADD-44DF-8217-390132CD9B73}.Release|x86.ActiveCfg = Release|Any CPU
		{A90CE0D9-CADD-44DF-8217-390132CD9B73}.Release|x86.Build.0 = Release|Any CPU
		{15C82082-CE3E-4539-9AC1-C31368420F8D}.Debug|Any CPU.ActiveCfg = Debug|Any CPU
		{15C82082-CE3E-4539-9AC1-C31368420F8D}.Debug|Any CPU.Build.0 = Debug|Any CPU
		{15C82082-CE3E-4539-9AC1-C31368420F8D}.Debug|x64.ActiveCfg = Debug|Any CPU
		{15C82082-CE3E-4539-9AC1-C31368420F8D}.Debug|x64.Build.0 = Debug|Any CPU
		{15C82082-CE3E-4539-9AC1-C31368420F8D}.Debug|x86.ActiveCfg = Debug|Any CPU
		{15C82082-CE3E-4539-9AC1-C31368420F8D}.Debug|x86.Build.0 = Debug|Any CPU
		{15C82082-CE3E-4539-9AC1-C31368420F8D}.Release|Any CPU.ActiveCfg = Release|Any CPU
		{15C82082-CE3E-4539-9AC1-C31368420F8D}.Release|Any CPU.Build.0 = Release|Any CPU
		{15C82082-CE3E-4539-9AC1-C31368420F8D}.Release|x64.ActiveCfg = Release|Any CPU
		{15C82082-CE3E-4539-9AC1-C31368420F8D}.Release|x64.Build.0 = Release|Any CPU
		{15C82082-CE3E-4539-9AC1-C31368420F8D}.Release|x86.ActiveCfg = Release|Any CPU
		{15C82082-CE3E-4539-9AC1-C31368420F8D}.Release|x86.Build.0 = Release|Any CPU
	EndGlobalSection
	GlobalSection(SolutionProperties) = preSolution
		HideSolutionNode = FALSE
	EndGlobalSection
	GlobalSection(NestedProjects) = preSolution
		{1122A8CC-DC87-4E94-993C-02AE05EB2456} = {E7902FA7-7FA6-4E92-853C-85BBB88E5FD0}
		{0242E8EF-CC37-444C-A32E-22B01EF354B7} = {E7902FA7-7FA6-4E92-853C-85BBB88E5FD0}
		{4F161F31-17E4-409D-BE3B-221F51B6A5C6} = {E7902FA7-7FA6-4E92-853C-85BBB88E5FD0}
		{A90CE0D9-CADD-44DF-8217-390132CD9B73} = {E7902FA7-7FA6-4E92-853C-85BBB88E5FD0}
		{15C82082-CE3E-4539-9AC1-C31368420F8D} = {E7902FA7-7FA6-4E92-853C-85BBB88E5FD0}
	EndGlobalSection
	GlobalSection(ExtensibilityGlobals) = postSolution
		SolutionGuid = {139D2413-CC55-44E1-B224-21788B7F2D00}
	EndGlobalSection
EndGlobal
